// !$*UTF8*$!
{
	archiveVersion = 1;
	classes = {
	};
	objectVersion = 50;
	objects = {

/* Begin PBXBuildFile section */
		CD06F16F24CB31B9006BE013 /* AppDelegate.swift in Sources */ = {isa = PBXBuildFile; fileRef = CD06F16E24CB31B9006BE013 /* AppDelegate.swift */; };
		CD06F17124CB31B9006BE013 /* SceneDelegate.swift in Sources */ = {isa = PBXBuildFile; fileRef = CD06F17024CB31B9006BE013 /* SceneDelegate.swift */; };
		CD06F17324CB31B9006BE013 /* ContentView.swift in Sources */ = {isa = PBXBuildFile; fileRef = CD06F17224CB31B9006BE013 /* ContentView.swift */; };
		CD06F17524CB31BB006BE013 /* Assets.xcassets in Resources */ = {isa = PBXBuildFile; fileRef = CD06F17424CB31BB006BE013 /* Assets.xcassets */; };
		CD06F17824CB31BB006BE013 /* Preview Assets.xcassets in Resources */ = {isa = PBXBuildFile; fileRef = CD06F17724CB31BB006BE013 /* Preview Assets.xcassets */; };
		CD06F17B24CB31BB006BE013 /* LaunchScreen.storyboard in Resources */ = {isa = PBXBuildFile; fileRef = CD06F17924CB31BB006BE013 /* LaunchScreen.storyboard */; };
		CD06F18324CB3532006BE013 /* TodoCardView.swift in Sources */ = {isa = PBXBuildFile; fileRef = CD06F18224CB3532006BE013 /* TodoCardView.swift */; };
/* End PBXBuildFile section */

/* Begin PBXFileReference section */
		CD06F16B24CB31B9006BE013 /* ToDoPerfect.app */ = {isa = PBXFileReference; explicitFileType = wrapper.application; includeInIndex = 0; path = ToDoPerfect.app; sourceTree = BUILT_PRODUCTS_DIR; };
		CD06F16E24CB31B9006BE013 /* AppDelegate.swift */ = {isa = PBXFileReference; lastKnownFileType = sourcecode.swift; path = AppDelegate.swift; sourceTree = "<group>"; };
		CD06F17024CB31B9006BE013 /* SceneDelegate.swift */ = {isa = PBXFileReference; lastKnownFileType = sourcecode.swift; path = SceneDelegate.swift; sourceTree = "<group>"; };
		CD06F17224CB31B9006BE013 /* ContentView.swift */ = {isa = PBXFileReference; lastKnownFileType = sourcecode.swift; path = ContentView.swift; sourceTree = "<group>"; };
		CD06F17424CB31BB006BE013 /* Assets.xcassets */ = {isa = PBXFileReference; lastKnownFileType = folder.assetcatalog; path = Assets.xcassets; sourceTree = "<group>"; };
		CD06F17724CB31BB006BE013 /* Preview Assets.xcassets */ = {isa = PBXFileReference; lastKnownFileType = folder.assetcatalog; path = "Preview Assets.xcassets"; sourceTree = "<group>"; };
		CD06F17A24CB31BB006BE013 /* Base */ = {isa = PBXFileReference; lastKnownFileType = file.storyboard; name = Base; path = Base.lproj/LaunchScreen.storyboard; sourceTree = "<group>"; };
		CD06F17C24CB31BB006BE013 /* Info.plist */ = {isa = PBXFileReference; lastKnownFileType = text.plist.xml; path = Info.plist; sourceTree = "<group>"; };
		CD06F18224CB3532006BE013 /* TodoCardView.swift */ = {isa = PBXFileReference; lastKnownFileType = sourcecode.swift; path = TodoCardView.swift; sourceTree = "<group>"; };
/* End PBXFileReference section */

/* Begin PBXFrameworksBuildPhase section */
		CD06F16824CB31B9006BE013 /* Frameworks */ = {
			isa = PBXFrameworksBuildPhase;
			buildActionMask = 2147483647;
			files = (
			);
			runOnlyForDeploymentPostprocessing = 0;
		};
/* End PBXFrameworksBuildPhase section */

/* Begin PBXGroup section */
		CD06F16224CB31B9006BE013 = {
			isa = PBXGroup;
			children = (
				CD06F16D24CB31B9006BE013 /* ToDoPerfect */,
				CD06F16C24CB31B9006BE013 /* Products */,
			);
			sourceTree = "<group>";
		};
		CD06F16C24CB31B9006BE013 /* Products */ = {
			isa = PBXGroup;
			children = (
				CD06F16B24CB31B9006BE013 /* ToDoPerfect.app */,
			);
			name = Products;
			sourceTree = "<group>";
		};
		CD06F16D24CB31B9006BE013 /* ToDoPerfect */ = {
			isa = PBXGroup;
			children = (
				CD06F16E24CB31B9006BE013 /* AppDelegate.swift */,
				CD06F17024CB31B9006BE013 /* SceneDelegate.swift */,
				CD06F18224CB3532006BE013 /* TodoCardView.swift */,
				CD06F17224CB31B9006BE013 /* ContentView.swift */,
				CD06F17424CB31BB006BE013 /* Assets.xcassets */,
				CD06F17924CB31BB006BE013 /* LaunchScreen.storyboard */,
				CD06F17C24CB31BB006BE013 /* Info.plist */,
				CD06F17624CB31BB006BE013 /* Preview Content */,
			);
			path = ToDoPerfect;
			sourceTree = "<group>";
		};
		CD06F17624CB31BB006BE013 /* Preview Content */ = {
			isa = PBXGroup;
			children = (
				CD06F17724CB31BB006BE013 /* Preview Assets.xcassets */,
			);
			path = "Preview Content";
			sourceTree = "<group>";
		};
/* End PBXGroup section */

/* Begin PBXNativeTarget section */
		CD06F16A24CB31B9006BE013 /* ToDoPerfect */ = {
			isa = PBXNativeTarget;
			buildConfigurationList = CD06F17F24CB31BB006BE013 /* Build configuration list for PBXNativeTarget "ToDoPerfect" */;
			buildPhases = (
				CD06F16724CB31B9006BE013 /* Sources */,
				CD06F16824CB31B9006BE013 /* Frameworks */,
				CD06F16924CB31B9006BE013 /* Resources */,
			);
			buildRules = (
			);
			dependencies = (
			);
			name = ToDoPerfect;
			productName = ToDoPerfect;
			productReference = CD06F16B24CB31B9006BE013 /* ToDoPerfect.app */;
			productType = "com.apple.product-type.application";
		};
/* End PBXNativeTarget section */

/* Begin PBXProject section */
		CD06F16324CB31B9006BE013 /* Project object */ = {
			isa = PBXProject;
			attributes = {
				LastSwiftUpdateCheck = 1150;
				LastUpgradeCheck = 1150;
				ORGANIZATIONNAME = MooneyWang;
				TargetAttributes = {
					CD06F16A24CB31B9006BE013 = {
						CreatedOnToolsVersion = 11.5;
					};
				};
			};
			buildConfigurationList = CD06F16624CB31B9006BE013 /* Build configuration list for PBXProject "ToDoPerfect" */;
			compatibilityVersion = "Xcode 9.3";
			developmentRegion = en;
			hasScannedForEncodings = 0;
			knownRegions = (
				en,
				Base,
			);
			mainGroup = CD06F16224CB31B9006BE013;
			productRefGroup = CD06F16C24CB31B9006BE013 /* Products */;
			projectDirPath = "";
			projectRoot = "";
			targets = (
				CD06F16A24CB31B9006BE013 /* ToDoPerfect */,
			);
		};
/* End PBXProject section */

/* Begin PBXResourcesBuildPhase section */
		CD06F16924CB31B9006BE013 /* Resources */ = {
			isa = PBXResourcesBuildPhase;
			buildActionMask = 2147483647;
			files = (
				CD06F17B24CB31BB006BE013 /* LaunchScreen.storyboard in Resources */,
				CD06F17824CB31BB006BE013 /* Preview Assets.xcassets in Resources */,
				CD06F17524CB31BB006BE013 /* Assets.xcassets in Resources */,
			);
			runOnlyForDeploymentPostprocessing = 0;
		};
/* End PBXResourcesBuildPhase section */

/* Begin PBXSourcesBuildPhase section */
		CD06F16724CB31B9006BE013 /* Sources */ = {
			isa = PBXSourcesBuildPhase;
			buildActionMask = 2147483647;
			files = (
				CD06F18324CB3532006BE013 /* TodoCardView.swift in Sources */,
				CD06F16F24CB31B9006BE013 /* AppDelegate.swift in Sources */,
				CD06F17124CB31B9006BE013 /* SceneDelegate.swift in Sources */,
				CD06F17324CB31B9006BE013 /* ContentView.swift in Sources */,
			);
			runOnlyForDeploymentPostprocessing = 0;
		};
/* End PBXSourcesBuildPhase section */

/* Begin PBXVariantGroup section */
		CD06F17924CB31BB006BE013 /* LaunchScreen.storyboard */ = {
			isa = PBXVariantGroup;
			children = (
				CD06F17A24CB31BB006BE013 /* Base */,
			);
			name = LaunchScreen.storyboard;
			sourceTree = "<group>";
		};
/* End PBXVariantGroup section */

/* Begin XCBuildConfiguration section */
		CD06F17D24CB31BB006BE013 /* Debug */ = {
			isa = XCBuildConfiguration;
			buildSettings = {
				ALWAYS_SEARCH_USER_PATHS = NO;
				CLANG_ANALYZER_NONNULL = YES;
				CLANG_ANALYZER_NUMBER_OBJECT_CONVERSION = YES_AGGRESSIVE;
				CLANG_CXX_LANGUAGE_STANDARD = "gnu++14";
				CLANG_CXX_LIBRARY = "libc++";
				CLANG_ENABLE_MODULES = YES;
				CLANG_ENABLE_OBJC_ARC = YES;
				CLANG_ENABLE_OBJC_WEAK = YES;
				CLANG_WARN_BLOCK_CAPTURE_AUTORELEASING = YES;
				CLANG_WARN_BOOL_CONVERSION = YES;
				CLANG_WARN_COMMA = YES;
				CLANG_WARN_CONSTANT_CONVERSION = YES;
				CLANG_WARN_DEPRECATED_OBJC_IMPLEMENTATIONS = YES;
				CLANG_WARN_DIRECT_OBJC_ISA_USAGE = YES_ERROR;
				CLANG_WARN_DOCUMENTATION_COMMENTS = YES;
				CLANG_WARN_EMPTY_BODY = YES;
				CLANG_WARN_ENUM_CONVERSION = YES;
				CLANG_WARN_INFINITE_RECURSION = YES;
				CLANG_WARN_INT_CONVERSION = YES;
				CLANG_WARN_NON_LITERAL_NULL_CONVERSION = YES;
				CLANG_WARN_OBJC_IMPLICIT_RETAIN_SELF = YES;
				CLANG_WARN_OBJC_LITERAL_CONVERSION = YES;
				CLANG_WARN_OBJC_ROOT_CLASS = YES_ERROR;
				CLANG_WARN_RANGE_LOOP_ANALYSIS = YES;
				CLANG_WARN_STRICT_PROTOTYPES = YES;
				CLANG_WARN_SUSPICIOUS_MOVE = YES;
				CLANG_WARN_UNGUARDED_AVAILABILITY = YES_AGGRESSIVE;
				CLANG_WARN_UNREACHABLE_CODE = YES;
				CLANG_WARN__DUPLICATE_METHOD_MATCH = YES;
				COPY_PHASE_STRIP = NO;
				DEBUG_INFORMATION_FORMAT = dwarf;
				ENABLE_STRICT_OBJC_MSGSEND = YES;
				ENABLE_TESTABILITY = YES;
				GCC_C_LANGUAGE_STANDARD = gnu11;
				GCC_DYNAMIC_NO_PIC = NO;
				GCC_NO_COMMON_BLOCKS = YES;
				GCC_OPTIMIZATION_LEVEL = 0;
				GCC_PREPROCESSOR_DEFINITIONS = (
					"DEBUG=1",
					"$(inherited)",
				);
				GCC_WARN_64_TO_32_BIT_CONVERSION = YES;
				GCC_WARN_ABOUT_RETURN_TYPE = YES_ERROR;
				GCC_WARN_UNDECLARED_SELECTOR = YES;
				GCC_WARN_UNINITIALIZED_AUTOS = YES_AGGRESSIVE;
				GCC_WARN_UNUSED_FUNCTION = YES;
				GCC_WARN_UNUSED_VARIABLE = YES;
				IPHONEOS_DEPLOYMENT_TARGET = 13.5;
				MTL_ENABLE_DEBUG_INFO = INCLUDE_SOURCE;
				MTL_FAST_MATH = YES;
				ONLY_ACTIVE_ARCH = YES;
				SDKROOT = iphoneos;
				SWIFT_ACTIVE_COMPILATION_CONDITIONS = DEBUG;
				SWIFT_OPTIMIZATION_LEVEL = "-Onone";
			};
			name = Debug;
		};
		CD06F17E24CB31BB006BE013 /* Release */ = {
			isa = XCBuildConfiguration;
			buildSettings = {
				ALWAYS_SEARCH_USER_PATHS = NO;
				CLANG_ANALYZER_NONNULL = YES;
				CLANG_ANALYZER_NUMBER_OBJECT_CONVERSION = YES_AGGRESSIVE;
				CLANG_CXX_LANGUAGE_STANDARD = "gnu++14";
				CLANG_CXX_LIBRARY = "libc++";
				CLANG_ENABLE_MODULES = YES;
				CLANG_ENABLE_OBJC_ARC = YES;
				CLANG_ENABLE_OBJC_WEAK = YES;
				CLANG_WARN_BLOCK_CAPTURE_AUTORELEASING = YES;
				CLANG_WARN_BOOL_CONVERSION = YES;
				CLANG_WARN_COMMA = YES;
				CLANG_WARN_CONSTANT_CONVERSION = YES;
				CLANG_WARN_DEPRECATED_OBJC_IMPLEMENTATIONS = YES;
				CLANG_WARN_DIRECT_OBJC_ISA_USAGE = YES_ERROR;
				CLANG_WARN_DOCUMENTATION_COMMENTS = YES;
				CLANG_WARN_EMPTY_BODY = YES;
				CLANG_WARN_ENUM_CONVERSION = YES;
				CLANG_WARN_INFINITE_RECURSION = YES;
				CLANG_WARN_INT_CONVERSION = YES;
				CLANG_WARN_NON_LITERAL_NULL_CONVERSION = YES;
				CLANG_WARN_OBJC_IMPLICIT_RETAIN_SELF = YES;
				CLANG_WARN_OBJC_LITERAL_CONVERSION = YES;
				CLANG_WARN_OBJC_ROOT_CLASS = YES_ERROR;
				CLANG_WARN_RANGE_LOOP_ANALYSIS = YES;
				CLANG_WARN_STRICT_PROTOTYPES = YES;
				CLANG_WARN_SUSPICIOUS_MOVE = YES;
				CLANG_WARN_UNGUARDED_AVAILABILITY = YES_AGGRESSIVE;
				CLANG_WARN_UNREACHABLE_CODE = YES;
				CLANG_WARN__DUPLICATE_METHOD_MATCH = YES;
				COPY_PHASE_STRIP = NO;
				DEBUG_INFORMATION_FORMAT = "dwarf-with-dsym";
				ENABLE_NS_ASSERTIONS = NO;
				ENABLE_STRICT_OBJC_MSGSEND = YES;
				GCC_C_LANGUAGE_STANDARD = gnu11;
				GCC_NO_COMMON_BLOCKS = YES;
				GCC_WARN_64_TO_32_BIT_CONVERSION = YES;
				GCC_WARN_ABOUT_RETURN_TYPE = YES_ERROR;
				GCC_WARN_UNDECLARED_SELECTOR = YES;
				GCC_WARN_UNINITIALIZED_AUTOS = YES_AGGRESSIVE;
				GCC_WARN_UNUSED_FUNCTION = YES;
				GCC_WARN_UNUSED_VARIABLE = YES;
				IPHONEOS_DEPLOYMENT_TARGET = 13.5;
				MTL_ENABLE_DEBUG_INFO = NO;
				MTL_FAST_MATH = YES;
				SDKROOT = iphoneos;
				SWIFT_COMPILATION_MODE = wholemodule;
				SWIFT_OPTIMIZATION_LEVEL = "-O";
				VALIDATE_PRODUCT = YES;
			};
			name = Release;
		};
		CD06F18024CB31BB006BE013 /* Debug */ = {
			isa = XCBuildConfiguration;
			buildSettings = {
				ASSETCATALOG_COMPILER_APPICON_NAME = AppIcon;
				CODE_SIGN_STYLE = Automatic;
				DEVELOPMENT_ASSET_PATHS = "\"ToDoPerfect/Preview Content\"";
				DEVELOPMENT_TEAM = 9N8CMN2AS6;
				ENABLE_PREVIEWS = YES;
				INFOPLIST_FILE = ToDoPerfect/Info.plist;
				LD_RUNPATH_SEARCH_PATHS = (
					"$(inherited)",
					"@executable_path/Frameworks",
				);
				PRODUCT_BUNDLE_IDENTIFIER = com.mooneywang.ToDoPerfect;
				PRODUCT_NAME = "$(TARGET_NAME)";
				SWIFT_VERSION = 5.0;
				TARGETED_DEVICE_FAMILY = "1,2";
			};
			name = Debug;
		};
		CD06F18124CB31BB006BE013 /* Release */ = {
			isa = XCBuildConfiguration;
			buildSettings = {
				ASSETCATALOG_COMPILER_APPICON_NAME = AppIcon;
				CODE_SIGN_STYLE = Automatic;
				DEVELOPMENT_ASSET_PATHS = "\"ToDoPerfect/Preview Content\"";
				DEVELOPMENT_TEAM = 9N8CMN2AS6;
				ENABLE_PREVIEWS = YES;
				INFOPLIST_FILE = ToDoPerfect/Info.plist;
				LD_RUNPATH_SEARCH_PATHS = (
					"$(inherited)",
					"@executable_path/Frameworks",
				);
				PRODUCT_BUNDLE_IDENTIFIER = com.mooneywang.ToDoPerfect;
				PRODUCT_NAME = "$(TARGET_NAME)";
				SWIFT_VERSION = 5.0;
				TARGETED_DEVICE_FAMILY = "1,2";
			};
			name = Release;
		};
/* End XCBuildConfiguration section */

/* Begin XCConfigurationList section */
		CD06F16624CB31B9006BE013 /* Build configuration list for PBXProject "ToDoPerfect" */ = {
			isa = XCConfigurationList;
			buildConfigurations = (
				CD06F17D24CB31BB006BE013 /* Debug */,
				CD06F17E24CB31BB006BE013 /* Release */,
			);
			defaultConfigurationIsVisible = 0;
			defaultConfigurationName = Release;
		};
		CD06F17F24CB31BB006BE013 /* Build configuration list for PBXNativeTarget "ToDoPerfect" */ = {
			isa = XCConfigurationList;
			buildConfigurations = (
				CD06F18024CB31BB006BE013 /* Debug */,
				CD06F18124CB31BB006BE013 /* Release */,
			);
			defaultConfigurationIsVisible = 0;
			defaultConfigurationName = Release;
		};
/* End XCConfigurationList section */
	};
	rootObject = CD06F16324CB31B9006BE013 /* Project object */;
}
